
Microsoft Visual Studio Solution File, Format Version 12.00
# Visual Studio Version 16
VisualStudioVersion = 16.0.31424.327
MinimumVisualStudioVersion = 10.0.40219.1
Project("{9A19103F-16F7-4668-BE54-9A1E7A4F7556}") = "OChatApp", "OChatApp\OChatApp.csproj", "{125540A2-FAC8-440C-A0F0-CCB5BA5F5B58}"
	ProjectSection(ProjectDependencies) = postProject
		{300E5547-0716-4156-9441-4865313DD6D3} = {300E5547-0716-4156-9441-4865313DD6D3}
	EndProjectSection
EndProject
Project("{9A19103F-16F7-4668-BE54-9A1E7A4F7556}") = "OChatApp.UnitTests", "OChatApp.UnitTests\OChatApp.UnitTests.csproj", "{F9DD3D1B-34E4-49AC-9DCB-DA2AA2A8F5A7}"
EndProject
Project("{9A19103F-16F7-4668-BE54-9A1E7A4F7556}") = "OChat.Services", "OChat.Services\OChat.Services.csproj", "{396BB89E-ECFE-48D4-BD85-93AEE563E0F0}"
	ProjectSection(ProjectDependencies) = postProject
		{300E5547-0716-4156-9441-4865313DD6D3} = {300E5547-0716-4156-9441-4865313DD6D3}
	EndProjectSection
EndProject
Project("{9A19103F-16F7-4668-BE54-9A1E7A4F7556}") = "OChat.Infrastructure", "OChat.Infrastructure\OChat.Infrastructure.csproj", "{CD71A443-DCF8-426D-83F4-7948A36FBEA3}"
	ProjectSection(ProjectDependencies) = postProject
		{300E5547-0716-4156-9441-4865313DD6D3} = {300E5547-0716-4156-9441-4865313DD6D3}
	EndProjectSection
EndProject
Project("{9A19103F-16F7-4668-BE54-9A1E7A4F7556}") = "OChat.Domain", "OChat.Domain\OChat.Domain.csproj", "{300E5547-0716-4156-9441-4865313DD6D3}"
EndProject
Global
	GlobalSection(SolutionConfigurationPlatforms) = preSolution
		Debug|Any CPU = Debug|Any CPU
		Release|Any CPU = Release|Any CPU
	EndGlobalSection
	GlobalSection(ProjectConfigurationPlatforms) = postSolution
		{125540A2-FAC8-440C-A0F0-CCB5BA5F5B58}.Debug|Any CPU.ActiveCfg = Debug|Any CPU
		{125540A2-FAC8-440C-A0F0-CCB5BA5F5B58}.Debug|Any CPU.Build.0 = Debug|Any CPU
		{125540A2-FAC8-440C-A0F0-CCB5BA5F5B58}.Release|Any CPU.ActiveCfg = Release|Any CPU
		{125540A2-FAC8-440C-A0F0-CCB5BA5F5B58}.Release|Any CPU.Build.0 = Release|Any CPU
		{F9DD3D1B-34E4-49AC-9DCB-DA2AA2A8F5A7}.Debug|Any CPU.ActiveCfg = Debug|Any CPU
		{F9DD3D1B-34E4-49AC-9DCB-DA2AA2A8F5A7}.Debug|Any CPU.Build.0 = Debug|Any CPU
		{F9DD3D1B-34E4-49AC-9DCB-DA2AA2A8F5A7}.Release|Any CPU.ActiveCfg = Release|Any CPU
		{F9DD3D1B-34E4-49AC-9DCB-DA2AA2A8F5A7}.Release|Any CPU.Build.0 = Release|Any CPU
		{396BB89E-ECFE-48D4-BD85-93AEE563E0F0}.Debug|Any CPU.ActiveCfg = Debug|Any CPU
		{396BB89E-ECFE-48D4-BD85-93AEE563E0F0}.Debug|Any CPU.Build.0 = Debug|Any CPU
		{396BB89E-ECFE-48D4-BD85-93AEE563E0F0}.Release|Any CPU.ActiveCfg = Release|Any CPU
		{396BB89E-ECFE-48D4-BD85-93AEE563E0F0}.Release|Any CPU.Build.0 = Release|Any CPU
		{CD71A443-DCF8-426D-83F4-7948A36FBEA3}.Debug|Any CPU.ActiveCfg = Debug|Any CPU
		{CD71A443-DCF8-426D-83F4-7948A36FBEA3}.Debug|Any CPU.Build.0 = Debug|Any CPU
		{CD71A443-DCF8-426D-83F4-7948A36FBEA3}.Release|Any CPU.ActiveCfg = Release|Any CPU
		{CD71A443-DCF8-426D-83F4-7948A36FBEA3}.Release|Any CPU.Build.0 = Release|Any CPU
		{300E5547-0716-4156-9441-4865313DD6D3}.Debug|Any CPU.ActiveCfg = Debug|Any CPU
		{300E5547-0716-4156-9441-4865313DD6D3}.Debug|Any CPU.Build.0 = Debug|Any CPU
		{300E5547-0716-4156-9441-4865313DD6D3}.Release|Any CPU.ActiveCfg = Release|Any CPU
		{300E5547-0716-4156-9441-4865313DD6D3}.Release|Any CPU.Build.0 = Release|Any CPU
	EndGlobalSection
	GlobalSection(SolutionProperties) = preSolution
		HideSolutionNode = FALSE
	EndGlobalSection
	GlobalSection(ExtensibilityGlobals) = postSolution
		SolutionGuid = {7A49C183-5E6F-406D-8276-070C9C8FA9BA}
	EndGlobalSection
EndGlobal
